
Microsoft Visual Studio Solution File, Format Version 12.00
# Visual Studio Version 16
VisualStudioVersion = 16.0.28922.388
MinimumVisualStudioVersion = 10.0.40219.1
Project("{FAE04EC0-301F-11D3-BF4B-00C04F79EFBC}") = "LogIn2", "LogIn2\LogIn2.csproj", "{9344A0A6-3910-4710-90DE-9785A8D1796B}"
EndProject
Global
	GlobalSection(SolutionConfigurationPlatforms) = preSolution
		Debug|Any CPU = Debug|Any CPU
		Release|Any CPU = Release|Any CPU
	EndGlobalSection
	GlobalSection(ProjectConfigurationPlatforms) = postSolution
		{9344A0A6-3910-4710-90DE-9785A8D1796B}.Debug|Any CPU.ActiveCfg = Debug|Any CPU
		{9344A0A6-3910-4710-90DE-9785A8D1796B}.Debug|Any CPU.Build.0 = Debug|Any CPU
		{9344A0A6-3910-4710-90DE-9785A8D1796B}.Release|Any CPU.ActiveCfg = Release|Any CPU
		{9344A0A6-3910-4710-90DE-9785A8D1796B}.Release|Any CPU.Build.0 = Release|Any CPU
	EndGlobalSection
	GlobalSection(SolutionProperties) = preSolution
		HideSolutionNode = FALSE
	EndGlobalSection
	GlobalSection(ExtensibilityGlobals) = postSolution
		SolutionGuid = {728C34A1-7643-44FF-9E36-F45EA6FD72D6}
	EndGlobalSection
EndGlobal
